// !$*UTF8*$!
{
	archiveVersion = 1;
	classes = {
	};
	objectVersion = 50;
	objects = {

/* Begin PBXBuildFile section */
		CD95AA4022E1A9F100B3908E /* AppDelegate.swift in Sources */ = {isa = PBXBuildFile; fileRef = CD95AA3F22E1A9F100B3908E /* AppDelegate.swift */; };
		CD95AA4222E1A9F100B3908E /* ViewController.swift in Sources */ = {isa = PBXBuildFile; fileRef = CD95AA4122E1A9F100B3908E /* ViewController.swift */; };
		CD95AA4522E1A9F100B3908E /* Main.storyboard in Resources */ = {isa = PBXBuildFile; fileRef = CD95AA4322E1A9F100B3908E /* Main.storyboard */; };
		CD95AA4722E1A9F100B3908E /* Assets.xcassets in Resources */ = {isa = PBXBuildFile; fileRef = CD95AA4622E1A9F100B3908E /* Assets.xcassets */; };
		CD95AA4A22E1A9F100B3908E /* LaunchScreen.storyboard in Resources */ = {isa = PBXBuildFile; fileRef = CD95AA4822E1A9F100B3908E /* LaunchScreen.storyboard */; };
		CD95AA5522E1A9F100B3908E /* patternTests.swift in Sources */ = {isa = PBXBuildFile; fileRef = CD95AA5422E1A9F100B3908E /* patternTests.swift */; };
		CD95AA6022E1A9F100B3908E /* patternUITests.swift in Sources */ = {isa = PBXBuildFile; fileRef = CD95AA5F22E1A9F100B3908E /* patternUITests.swift */; };
		CD95AA6522E1A9F100B3908E /* pattern WatchKit App.app in Embed Watch Content */ = {isa = PBXBuildFile; fileRef = CD95AA6422E1A9F100B3908E /* pattern WatchKit App.app */; };
		CD95AA6B22E1A9F100B3908E /* Interface.storyboard in Resources */ = {isa = PBXBuildFile; fileRef = CD95AA6922E1A9F100B3908E /* Interface.storyboard */; };
		CD95AA6D22E1A9F100B3908E /* Assets.xcassets in Resources */ = {isa = PBXBuildFile; fileRef = CD95AA6C22E1A9F100B3908E /* Assets.xcassets */; };
		CD95AA7422E1A9F200B3908E /* pattern WatchKit Extension.appex in Embed App Extensions */ = {isa = PBXBuildFile; fileRef = CD95AA7322E1A9F200B3908E /* pattern WatchKit Extension.appex */; settings = {ATTRIBUTES = (RemoveHeadersOnCopy, ); }; };
		CD95AA7922E1A9F200B3908E /* InterfaceController.swift in Sources */ = {isa = PBXBuildFile; fileRef = CD95AA7822E1A9F200B3908E /* InterfaceController.swift */; };
		CD95AA7B22E1A9F200B3908E /* ExtensionDelegate.swift in Sources */ = {isa = PBXBuildFile; fileRef = CD95AA7A22E1A9F200B3908E /* ExtensionDelegate.swift */; };
		CD95AA7D22E1A9F200B3908E /* NotificationController.swift in Sources */ = {isa = PBXBuildFile; fileRef = CD95AA7C22E1A9F200B3908E /* NotificationController.swift */; };
		CD95AA7F22E1A9F200B3908E /* Assets.xcassets in Resources */ = {isa = PBXBuildFile; fileRef = CD95AA7E22E1A9F200B3908E /* Assets.xcassets */; };
/* End PBXBuildFile section */

/* Begin PBXContainerItemProxy section */
		CD95AA5122E1A9F100B3908E /* PBXContainerItemProxy */ = {
			isa = PBXContainerItemProxy;
			containerPortal = CD95AA3422E1A9F100B3908E /* Project object */;
			proxyType = 1;
			remoteGlobalIDString = CD95AA3B22E1A9F100B3908E;
			remoteInfo = pattern;
		};
		CD95AA5C22E1A9F100B3908E /* PBXContainerItemProxy */ = {
			isa = PBXContainerItemProxy;
			containerPortal = CD95AA3422E1A9F100B3908E /* Project object */;
			proxyType = 1;
			remoteGlobalIDString = CD95AA3B22E1A9F100B3908E;
			remoteInfo = pattern;
		};
		CD95AA6622E1A9F100B3908E /* PBXContainerItemProxy */ = {
			isa = PBXContainerItemProxy;
			containerPortal = CD95AA3422E1A9F100B3908E /* Project object */;
			proxyType = 1;
			remoteGlobalIDString = CD95AA6322E1A9F100B3908E;
			remoteInfo = "pattern WatchKit App";
		};
		CD95AA7522E1A9F200B3908E /* PBXContainerItemProxy */ = {
			isa = PBXContainerItemProxy;
			containerPortal = CD95AA3422E1A9F100B3908E /* Project object */;
			proxyType = 1;
			remoteGlobalIDString = CD95AA7222E1A9F200B3908E;
			remoteInfo = "pattern WatchKit Extension";
		};
/* End PBXContainerItemProxy section */

/* Begin PBXCopyFilesBuildPhase section */
		CD95AA8722E1A9F200B3908E /* Embed App Extensions */ = {
			isa = PBXCopyFilesBuildPhase;
			buildActionMask = 2147483647;
			dstPath = "";
			dstSubfolderSpec = 13;
			files = (
				CD95AA7422E1A9F200B3908E /* pattern WatchKit Extension.appex in Embed App Extensions */,
			);
			name = "Embed App Extensions";
			runOnlyForDeploymentPostprocessing = 0;
		};
		CD95AA8B22E1A9F200B3908E /* Embed Watch Content */ = {
			isa = PBXCopyFilesBuildPhase;
			buildActionMask = 2147483647;
			dstPath = "$(CONTENTS_FOLDER_PATH)/Watch";
			dstSubfolderSpec = 16;
			files = (
				CD95AA6522E1A9F100B3908E /* pattern WatchKit App.app in Embed Watch Content */,
			);
			name = "Embed Watch Content";
			runOnlyForDeploymentPostprocessing = 0;
		};
/* End PBXCopyFilesBuildPhase section */

/* Begin PBXFileReference section */
		CD95AA3C22E1A9F100B3908E /* pattern.app */ = {isa = PBXFileReference; explicitFileType = wrapper.application; includeInIndex = 0; path = pattern.app; sourceTree = BUILT_PRODUCTS_DIR; };
		CD95AA3F22E1A9F100B3908E /* AppDelegate.swift */ = {isa = PBXFileReference; lastKnownFileType = sourcecode.swift; path = AppDelegate.swift; sourceTree = "<group>"; };
		CD95AA4122E1A9F100B3908E /* ViewController.swift */ = {isa = PBXFileReference; lastKnownFileType = sourcecode.swift; path = ViewController.swift; sourceTree = "<group>"; };
		CD95AA4422E1A9F100B3908E /* Base */ = {isa = PBXFileReference; lastKnownFileType = file.storyboard; name = Base; path = Base.lproj/Main.storyboard; sourceTree = "<group>"; };
		CD95AA4622E1A9F100B3908E /* Assets.xcassets */ = {isa = PBXFileReference; lastKnownFileType = folder.assetcatalog; path = Assets.xcassets; sourceTree = "<group>"; };
		CD95AA4922E1A9F100B3908E /* Base */ = {isa = PBXFileReference; lastKnownFileType = file.storyboard; name = Base; path = Base.lproj/LaunchScreen.storyboard; sourceTree = "<group>"; };
		CD95AA4B22E1A9F100B3908E /* Info.plist */ = {isa = PBXFileReference; lastKnownFileType = text.plist.xml; path = Info.plist; sourceTree = "<group>"; };
		CD95AA5022E1A9F100B3908E /* patternTests.xctest */ = {isa = PBXFileReference; explicitFileType = wrapper.cfbundle; includeInIndex = 0; path = patternTests.xctest; sourceTree = BUILT_PRODUCTS_DIR; };
		CD95AA5422E1A9F100B3908E /* patternTests.swift */ = {isa = PBXFileReference; lastKnownFileType = sourcecode.swift; path = patternTests.swift; sourceTree = "<group>"; };
		CD95AA5622E1A9F100B3908E /* Info.plist */ = {isa = PBXFileReference; lastKnownFileType = text.plist.xml; path = Info.plist; sourceTree = "<group>"; };
		CD95AA5B22E1A9F100B3908E /* patternUITests.xctest */ = {isa = PBXFileReference; explicitFileType = wrapper.cfbundle; includeInIndex = 0; path = patternUITests.xctest; sourceTree = BUILT_PRODUCTS_DIR; };
		CD95AA5F22E1A9F100B3908E /* patternUITests.swift */ = {isa = PBXFileReference; lastKnownFileType = sourcecode.swift; path = patternUITests.swift; sourceTree = "<group>"; };
		CD95AA6122E1A9F100B3908E /* Info.plist */ = {isa = PBXFileReference; lastKnownFileType = text.plist.xml; path = Info.plist; sourceTree = "<group>"; };
		CD95AA6422E1A9F100B3908E /* pattern WatchKit App.app */ = {isa = PBXFileReference; explicitFileType = wrapper.application; includeInIndex = 0; path = "pattern WatchKit App.app"; sourceTree = BUILT_PRODUCTS_DIR; };
		CD95AA6A22E1A9F100B3908E /* Base */ = {isa = PBXFileReference; lastKnownFileType = file.storyboard; name = Base; path = Base.lproj/Interface.storyboard; sourceTree = "<group>"; };
		CD95AA6C22E1A9F100B3908E /* Assets.xcassets */ = {isa = PBXFileReference; lastKnownFileType = folder.assetcatalog; path = Assets.xcassets; sourceTree = "<group>"; };
		CD95AA6E22E1A9F100B3908E /* Info.plist */ = {isa = PBXFileReference; lastKnownFileType = text.plist.xml; path = Info.plist; sourceTree = "<group>"; };
		CD95AA7322E1A9F200B3908E /* pattern WatchKit Extension.appex */ = {isa = PBXFileReference; explicitFileType = "wrapper.app-extension"; includeInIndex = 0; path = "pattern WatchKit Extension.appex"; sourceTree = BUILT_PRODUCTS_DIR; };
		CD95AA7822E1A9F200B3908E /* InterfaceController.swift */ = {isa = PBXFileReference; lastKnownFileType = sourcecode.swift; path = InterfaceController.swift; sourceTree = "<group>"; };
		CD95AA7A22E1A9F200B3908E /* ExtensionDelegate.swift */ = {isa = PBXFileReference; lastKnownFileType = sourcecode.swift; path = ExtensionDelegate.swift; sourceTree = "<group>"; };
		CD95AA7C22E1A9F200B3908E /* NotificationController.swift */ = {isa = PBXFileReference; lastKnownFileType = sourcecode.swift; path = NotificationController.swift; sourceTree = "<group>"; };
		CD95AA7E22E1A9F200B3908E /* Assets.xcassets */ = {isa = PBXFileReference; lastKnownFileType = folder.assetcatalog; path = Assets.xcassets; sourceTree = "<group>"; };
		CD95AA8022E1A9F200B3908E /* Info.plist */ = {isa = PBXFileReference; lastKnownFileType = text.plist.xml; path = Info.plist; sourceTree = "<group>"; };
		CD95AA8122E1A9F200B3908E /* PushNotificationPayload.apns */ = {isa = PBXFileReference; lastKnownFileType = text; path = PushNotificationPayload.apns; sourceTree = "<group>"; };
/* End PBXFileReference section */

/* Begin PBXFrameworksBuildPhase section */
		CD95AA3922E1A9F100B3908E /* Frameworks */ = {
			isa = PBXFrameworksBuildPhase;
			buildActionMask = 2147483647;
			files = (
			);
			runOnlyForDeploymentPostprocessing = 0;
		};
		CD95AA4D22E1A9F100B3908E /* Frameworks */ = {
			isa = PBXFrameworksBuildPhase;
			buildActionMask = 2147483647;
			files = (
			);
			runOnlyForDeploymentPostprocessing = 0;
		};
		CD95AA5822E1A9F100B3908E /* Frameworks */ = {
			isa = PBXFrameworksBuildPhase;
			buildActionMask = 2147483647;
			files = (
			);
			runOnlyForDeploymentPostprocessing = 0;
		};
		CD95AA7022E1A9F200B3908E /* Frameworks */ = {
			isa = PBXFrameworksBuildPhase;
			buildActionMask = 2147483647;
			files = (
			);
			runOnlyForDeploymentPostprocessing = 0;
		};
/* End PBXFrameworksBuildPhase section */

/* Begin PBXGroup section */
		CD95AA3322E1A9F100B3908E = {
			isa = PBXGroup;
			children = (
				CD95AA3E22E1A9F100B3908E /* pattern */,
				CD95AA5322E1A9F100B3908E /* patternTests */,
				CD95AA5E22E1A9F100B3908E /* patternUITests */,
				CD95AA6822E1A9F100B3908E /* pattern WatchKit App */,
				CD95AA7722E1A9F200B3908E /* pattern WatchKit Extension */,
				CD95AA3D22E1A9F100B3908E /* Products */,
			);
			sourceTree = "<group>";
		};
		CD95AA3D22E1A9F100B3908E /* Products */ = {
			isa = PBXGroup;
			children = (
				CD95AA3C22E1A9F100B3908E /* pattern.app */,
				CD95AA5022E1A9F100B3908E /* patternTests.xctest */,
				CD95AA5B22E1A9F100B3908E /* patternUITests.xctest */,
				CD95AA6422E1A9F100B3908E /* pattern WatchKit App.app */,
				CD95AA7322E1A9F200B3908E /* pattern WatchKit Extension.appex */,
			);
			name = Products;
			sourceTree = "<group>";
		};
		CD95AA3E22E1A9F100B3908E /* pattern */ = {
			isa = PBXGroup;
			children = (
				CD95AA3F22E1A9F100B3908E /* AppDelegate.swift */,
				CD95AA4122E1A9F100B3908E /* ViewController.swift */,
				CD95AA4322E1A9F100B3908E /* Main.storyboard */,
				CD95AA4622E1A9F100B3908E /* Assets.xcassets */,
				CD95AA4822E1A9F100B3908E /* LaunchScreen.storyboard */,
				CD95AA4B22E1A9F100B3908E /* Info.plist */,
			);
			path = pattern;
			sourceTree = "<group>";
		};
		CD95AA5322E1A9F100B3908E /* patternTests */ = {
			isa = PBXGroup;
			children = (
				CD95AA5422E1A9F100B3908E /* patternTests.swift */,
				CD95AA5622E1A9F100B3908E /* Info.plist */,
			);
			path = patternTests;
			sourceTree = "<group>";
		};
		CD95AA5E22E1A9F100B3908E /* patternUITests */ = {
			isa = PBXGroup;
			children = (
				CD95AA5F22E1A9F100B3908E /* patternUITests.swift */,
				CD95AA6122E1A9F100B3908E /* Info.plist */,
			);
			path = patternUITests;
			sourceTree = "<group>";
		};
		CD95AA6822E1A9F100B3908E /* pattern WatchKit App */ = {
			isa = PBXGroup;
			children = (
				CD95AA6922E1A9F100B3908E /* Interface.storyboard */,
				CD95AA6C22E1A9F100B3908E /* Assets.xcassets */,
				CD95AA6E22E1A9F100B3908E /* Info.plist */,
			);
			path = "pattern WatchKit App";
			sourceTree = "<group>";
		};
		CD95AA7722E1A9F200B3908E /* pattern WatchKit Extension */ = {
			isa = PBXGroup;
			children = (
				CD95AA7822E1A9F200B3908E /* InterfaceController.swift */,
				CD95AA7A22E1A9F200B3908E /* ExtensionDelegate.swift */,
				CD95AA7C22E1A9F200B3908E /* NotificationController.swift */,
				CD95AA7E22E1A9F200B3908E /* Assets.xcassets */,
				CD95AA8022E1A9F200B3908E /* Info.plist */,
				CD95AA8122E1A9F200B3908E /* PushNotificationPayload.apns */,
			);
			path = "pattern WatchKit Extension";
			sourceTree = "<group>";
		};
/* End PBXGroup section */

/* Begin PBXNativeTarget section */
		CD95AA3B22E1A9F100B3908E /* pattern */ = {
			isa = PBXNativeTarget;
			buildConfigurationList = CD95AA8C22E1A9F200B3908E /* Build configuration list for PBXNativeTarget "pattern" */;
			buildPhases = (
				CD95AA3822E1A9F100B3908E /* Sources */,
				CD95AA3922E1A9F100B3908E /* Frameworks */,
				CD95AA3A22E1A9F100B3908E /* Resources */,
				CD95AA8B22E1A9F200B3908E /* Embed Watch Content */,
			);
			buildRules = (
			);
			dependencies = (
				CD95AA6722E1A9F100B3908E /* PBXTargetDependency */,
			);
			name = pattern;
			productName = pattern;
			productReference = CD95AA3C22E1A9F100B3908E /* pattern.app */;
			productType = "com.apple.product-type.application";
		};
		CD95AA4F22E1A9F100B3908E /* patternTests */ = {
			isa = PBXNativeTarget;
			buildConfigurationList = CD95AA8F22E1A9F200B3908E /* Build configuration list for PBXNativeTarget "patternTests" */;
			buildPhases = (
				CD95AA4C22E1A9F100B3908E /* Sources */,
				CD95AA4D22E1A9F100B3908E /* Frameworks */,
				CD95AA4E22E1A9F100B3908E /* Resources */,
			);
			buildRules = (
			);
			dependencies = (
				CD95AA5222E1A9F100B3908E /* PBXTargetDependency */,
			);
			name = patternTests;
			productName = patternTests;
			productReference = CD95AA5022E1A9F100B3908E /* patternTests.xctest */;
			productType = "com.apple.product-type.bundle.unit-test";
		};
		CD95AA5A22E1A9F100B3908E /* patternUITests */ = {
			isa = PBXNativeTarget;
			buildConfigurationList = CD95AA9222E1A9F200B3908E /* Build configuration list for PBXNativeTarget "patternUITests" */;
			buildPhases = (
				CD95AA5722E1A9F100B3908E /* Sources */,
				CD95AA5822E1A9F100B3908E /* Frameworks */,
				CD95AA5922E1A9F100B3908E /* Resources */,
			);
			buildRules = (
			);
			dependencies = (
				CD95AA5D22E1A9F100B3908E /* PBXTargetDependency */,
			);
			name = patternUITests;
			productName = patternUITests;
			productReference = CD95AA5B22E1A9F100B3908E /* patternUITests.xctest */;
			productType = "com.apple.product-type.bundle.ui-testing";
		};
		CD95AA6322E1A9F100B3908E /* pattern WatchKit App */ = {
			isa = PBXNativeTarget;
			buildConfigurationList = CD95AA8822E1A9F200B3908E /* Build configuration list for PBXNativeTarget "pattern WatchKit App" */;
			buildPhases = (
				CD95AA6222E1A9F100B3908E /* Resources */,
				CD95AA8722E1A9F200B3908E /* Embed App Extensions */,
			);
			buildRules = (
			);
			dependencies = (
				CD95AA7622E1A9F200B3908E /* PBXTargetDependency */,
			);
			name = "pattern WatchKit App";
			productName = "pattern WatchKit App";
			productReference = CD95AA6422E1A9F100B3908E /* pattern WatchKit App.app */;
			productType = "com.apple.product-type.application.watchapp2";
		};
		CD95AA7222E1A9F200B3908E /* pattern WatchKit Extension */ = {
			isa = PBXNativeTarget;
			buildConfigurationList = CD95AA8422E1A9F200B3908E /* Build configuration list for PBXNativeTarget "pattern WatchKit Extension" */;
			buildPhases = (
				CD95AA6F22E1A9F200B3908E /* Sources */,
				CD95AA7022E1A9F200B3908E /* Frameworks */,
				CD95AA7122E1A9F200B3908E /* Resources */,
			);
			buildRules = (
			);
			dependencies = (
			);
			name = "pattern WatchKit Extension";
			productName = "pattern WatchKit Extension";
			productReference = CD95AA7322E1A9F200B3908E /* pattern WatchKit Extension.appex */;
			productType = "com.apple.product-type.watchkit2-extension";
		};
/* End PBXNativeTarget section */

/* Begin PBXProject section */
		CD95AA3422E1A9F100B3908E /* Project object */ = {
			isa = PBXProject;
			attributes = {
				LastSwiftUpdateCheck = 1020;
				LastUpgradeCheck = 1020;
				ORGANIZATIONNAME = Jinwon;
				TargetAttributes = {
					CD95AA3B22E1A9F100B3908E = {
						CreatedOnToolsVersion = 10.2.1;
					};
					CD95AA4F22E1A9F100B3908E = {
						CreatedOnToolsVersion = 10.2.1;
						TestTargetID = CD95AA3B22E1A9F100B3908E;
					};
					CD95AA5A22E1A9F100B3908E = {
						CreatedOnToolsVersion = 10.2.1;
						TestTargetID = CD95AA3B22E1A9F100B3908E;
					};
					CD95AA6322E1A9F100B3908E = {
						CreatedOnToolsVersion = 10.2.1;
					};
					CD95AA7222E1A9F200B3908E = {
						CreatedOnToolsVersion = 10.2.1;
					};
				};
			};
			buildConfigurationList = CD95AA3722E1A9F100B3908E /* Build configuration list for PBXProject "pattern" */;
			compatibilityVersion = "Xcode 9.3";
			developmentRegion = en;
			hasScannedForEncodings = 0;
			knownRegions = (
				en,
				Base,
			);
			mainGroup = CD95AA3322E1A9F100B3908E;
			productRefGroup = CD95AA3D22E1A9F100B3908E /* Products */;
			projectDirPath = "";
			projectRoot = "";
			targets = (
				CD95AA3B22E1A9F100B3908E /* pattern */,
				CD95AA4F22E1A9F100B3908E /* patternTests */,
				CD95AA5A22E1A9F100B3908E /* patternUITests */,
				CD95AA6322E1A9F100B3908E /* pattern WatchKit App */,
				CD95AA7222E1A9F200B3908E /* pattern WatchKit Extension */,
			);
		};
/* End PBXProject section */

/* Begin PBXResourcesBuildPhase section */
		CD95AA3A22E1A9F100B3908E /* Resources */ = {
			isa = PBXResourcesBuildPhase;
			buildActionMask = 2147483647;
			files = (
				CD95AA4A22E1A9F100B3908E /* LaunchScreen.storyboard in Resources */,
				CD95AA4722E1A9F100B3908E /* Assets.xcassets in Resources */,
				CD95AA4522E1A9F100B3908E /* Main.storyboard in Resources */,
			);
			runOnlyForDeploymentPostprocessing = 0;
		};
		CD95AA4E22E1A9F100B3908E /* Resources */ = {
			isa = PBXResourcesBuildPhase;
			buildActionMask = 2147483647;
			files = (
			);
			runOnlyForDeploymentPostprocessing = 0;
		};
		CD95AA5922E1A9F100B3908E /* Resources */ = {
			isa = PBXResourcesBuildPhase;
			buildActionMask = 2147483647;
			files = (
			);
			runOnlyForDeploymentPostprocessing = 0;
		};
		CD95AA6222E1A9F100B3908E /* Resources */ = {
			isa = PBXResourcesBuildPhase;
			buildActionMask = 2147483647;
			files = (
				CD95AA6D22E1A9F100B3908E /* Assets.xcassets in Resources */,
				CD95AA6B22E1A9F100B3908E /* Interface.storyboard in Resources */,
			);
			runOnlyForDeploymentPostprocessing = 0;
		};
		CD95AA7122E1A9F200B3908E /* Resources */ = {
			isa = PBXResourcesBuildPhase;
			buildActionMask = 2147483647;
			files = (
				CD95AA7F22E1A9F200B3908E /* Assets.xcassets in Resources */,
			);
			runOnlyForDeploymentPostprocessing = 0;
		};
/* End PBXResourcesBuildPhase section */

/* Begin PBXSourcesBuildPhase section */
		CD95AA3822E1A9F100B3908E /* Sources */ = {
			isa = PBXSourcesBuildPhase;
			buildActionMask = 2147483647;
			files = (
				CD95AA4222E1A9F100B3908E /* ViewController.swift in Sources */,
				CD95AA4022E1A9F100B3908E /* AppDelegate.swift in Sources */,
			);
			runOnlyForDeploymentPostprocessing = 0;
		};
		CD95AA4C22E1A9F100B3908E /* Sources */ = {
			isa = PBXSourcesBuildPhase;
			buildActionMask = 2147483647;
			files = (
				CD95AA5522E1A9F100B3908E /* patternTests.swift in Sources */,
			);
			runOnlyForDeploymentPostprocessing = 0;
		};
		CD95AA5722E1A9F100B3908E /* Sources */ = {
			isa = PBXSourcesBuildPhase;
			buildActionMask = 2147483647;
			files = (
				CD95AA6022E1A9F100B3908E /* patternUITests.swift in Sources */,
			);
			runOnlyForDeploymentPostprocessing = 0;
		};
		CD95AA6F22E1A9F200B3908E /* Sources */ = {
			isa = PBXSourcesBuildPhase;
			buildActionMask = 2147483647;
			files = (
				CD95AA7D22E1A9F200B3908E /* NotificationController.swift in Sources */,
				CD95AA7B22E1A9F200B3908E /* ExtensionDelegate.swift in Sources */,
				CD95AA7922E1A9F200B3908E /* InterfaceController.swift in Sources */,
			);
			runOnlyForDeploymentPostprocessing = 0;
		};
/* End PBXSourcesBuildPhase section */

/* Begin PBXTargetDependency section */
		CD95AA5222E1A9F100B3908E /* PBXTargetDependency */ = {
			isa = PBXTargetDependency;
			target = CD95AA3B22E1A9F100B3908E /* pattern */;
			targetProxy = CD95AA5122E1A9F100B3908E /* PBXContainerItemProxy */;
		};
		CD95AA5D22E1A9F100B3908E /* PBXTargetDependency */ = {
			isa = PBXTargetDependency;
			target = CD95AA3B22E1A9F100B3908E /* pattern */;
			targetProxy = CD95AA5C22E1A9F100B3908E /* PBXContainerItemProxy */;
		};
		CD95AA6722E1A9F100B3908E /* PBXTargetDependency */ = {
			isa = PBXTargetDependency;
			target = CD95AA6322E1A9F100B3908E /* pattern WatchKit App */;
			targetProxy = CD95AA6622E1A9F100B3908E /* PBXContainerItemProxy */;
		};
		CD95AA7622E1A9F200B3908E /* PBXTargetDependency */ = {
			isa = PBXTargetDependency;
			target = CD95AA7222E1A9F200B3908E /* pattern WatchKit Extension */;
			targetProxy = CD95AA7522E1A9F200B3908E /* PBXContainerItemProxy */;
		};
/* End PBXTargetDependency section */

/* Begin PBXVariantGroup section */
		CD95AA4322E1A9F100B3908E /* Main.storyboard */ = {
			isa = PBXVariantGroup;
			children = (
				CD95AA4422E1A9F100B3908E /* Base */,
			);
			name = Main.storyboard;
			sourceTree = "<group>";
		};
		CD95AA4822E1A9F100B3908E /* LaunchScreen.storyboard */ = {
			isa = PBXVariantGroup;
			children = (
				CD95AA4922E1A9F100B3908E /* Base */,
			);
			name = LaunchScreen.storyboard;
			sourceTree = "<group>";
		};
		CD95AA6922E1A9F100B3908E /* Interface.storyboard */ = {
			isa = PBXVariantGroup;
			children = (
				CD95AA6A22E1A9F100B3908E /* Base */,
			);
			name = Interface.storyboard;
			sourceTree = "<group>";
		};
/* End PBXVariantGroup section */

/* Begin XCBuildConfiguration section */
		CD95AA8222E1A9F200B3908E /* Debug */ = {
			isa = XCBuildConfiguration;
			buildSettings = {
				ALWAYS_SEARCH_USER_PATHS = NO;
				CLANG_ANALYZER_NONNULL = YES;
				CLANG_ANALYZER_NUMBER_OBJECT_CONVERSION = YES_AGGRESSIVE;
				CLANG_CXX_LANGUAGE_STANDARD = "gnu++14";
				CLANG_CXX_LIBRARY = "libc++";
				CLANG_ENABLE_MODULES = YES;
				CLANG_ENABLE_OBJC_ARC = YES;
				CLANG_ENABLE_OBJC_WEAK = YES;
				CLANG_WARN_BLOCK_CAPTURE_AUTORELEASING = YES;
				CLANG_WARN_BOOL_CONVERSION = YES;
				CLANG_WARN_COMMA = YES;
				CLANG_WARN_CONSTANT_CONVERSION = YES;
				CLANG_WARN_DEPRECATED_OBJC_IMPLEMENTATIONS = YES;
				CLANG_WARN_DIRECT_OBJC_ISA_USAGE = YES_ERROR;
				CLANG_WARN_DOCUMENTATION_COMMENTS = YES;
				CLANG_WARN_EMPTY_BODY = YES;
				CLANG_WARN_ENUM_CONVERSION = YES;
				CLANG_WARN_INFINITE_RECURSION = YES;
				CLANG_WARN_INT_CONVERSION = YES;
				CLANG_WARN_NON_LITERAL_NULL_CONVERSION = YES;
				CLANG_WARN_OBJC_IMPLICIT_RETAIN_SELF = YES;
				CLANG_WARN_OBJC_LITERAL_CONVERSION = YES;
				CLANG_WARN_OBJC_ROOT_CLASS = YES_ERROR;
				CLANG_WARN_RANGE_LOOP_ANALYSIS = YES;
				CLANG_WARN_STRICT_PROTOTYPES = YES;
				CLANG_WARN_SUSPICIOUS_MOVE = YES;
				CLANG_WARN_UNGUARDED_AVAILABILITY = YES_AGGRESSIVE;
				CLANG_WARN_UNREACHABLE_CODE = YES;
				CLANG_WARN__DUPLICATE_METHOD_MATCH = YES;
				CODE_SIGN_IDENTITY = "iPhone Developer";
				COPY_PHASE_STRIP = NO;
				DEBUG_INFORMATION_FORMAT = dwarf;
				ENABLE_STRICT_OBJC_MSGSEND = YES;
				ENABLE_TESTABILITY = YES;
				GCC_C_LANGUAGE_STANDARD = gnu11;
				GCC_DYNAMIC_NO_PIC = NO;
				GCC_NO_COMMON_BLOCKS = YES;
				GCC_OPTIMIZATION_LEVEL = 0;
				GCC_PREPROCESSOR_DEFINITIONS = (
					"DEBUG=1",
					"$(inherited)",
				);
				GCC_WARN_64_TO_32_BIT_CONVERSION = YES;
				GCC_WARN_ABOUT_RETURN_TYPE = YES_ERROR;
				GCC_WARN_UNDECLARED_SELECTOR = YES;
				GCC_WARN_UNINITIALIZED_AUTOS = YES_AGGRESSIVE;
				GCC_WARN_UNUSED_FUNCTION = YES;
				GCC_WARN_UNUSED_VARIABLE = YES;
				IPHONEOS_DEPLOYMENT_TARGET = 12.2;
				MTL_ENABLE_DEBUG_INFO = INCLUDE_SOURCE;
				MTL_FAST_MATH = YES;
				ONLY_ACTIVE_ARCH = YES;
				SDKROOT = iphoneos;
				SWIFT_ACTIVE_COMPILATION_CONDITIONS = DEBUG;
				SWIFT_OPTIMIZATION_LEVEL = "-Onone";
			};
			name = Debug;
		};
		CD95AA8322E1A9F200B3908E /* Release */ = {
			isa = XCBuildConfiguration;
			buildSettings = {
				ALWAYS_SEARCH_USER_PATHS = NO;
				CLANG_ANALYZER_NONNULL = YES;
				CLANG_ANALYZER_NUMBER_OBJECT_CONVERSION = YES_AGGRESSIVE;
				CLANG_CXX_LANGUAGE_STANDARD = "gnu++14";
				CLANG_CXX_LIBRARY = "libc++";
				CLANG_ENABLE_MODULES = YES;
				CLANG_ENABLE_OBJC_ARC = YES;
				CLANG_ENABLE_OBJC_WEAK = YES;
				CLANG_WARN_BLOCK_CAPTURE_AUTORELEASING = YES;
				CLANG_WARN_BOOL_CONVERSION = YES;
				CLANG_WARN_COMMA = YES;
				CLANG_WARN_CONSTANT_CONVERSION = YES;
				CLANG_WARN_DEPRECATED_OBJC_IMPLEMENTATIONS = YES;
				CLANG_WARN_DIRECT_OBJC_ISA_USAGE = YES_ERROR;
				CLANG_WARN_DOCUMENTATION_COMMENTS = YES;
				CLANG_WARN_EMPTY_BODY = YES;
				CLANG_WARN_ENUM_CONVERSION = YES;
				CLANG_WARN_INFINITE_RECURSION = YES;
				CLANG_WARN_INT_CONVERSION = YES;
				CLANG_WARN_NON_LITERAL_NULL_CONVERSION = YES;
				CLANG_WARN_OBJC_IMPLICIT_RETAIN_SELF = YES;
				CLANG_WARN_OBJC_LITERAL_CONVERSION = YES;
				CLANG_WARN_OBJC_ROOT_CLASS = YES_ERROR;
				CLANG_WARN_RANGE_LOOP_ANALYSIS = YES;
				CLANG_WARN_STRICT_PROTOTYPES = YES;
				CLANG_WARN_SUSPICIOUS_MOVE = YES;
				CLANG_WARN_UNGUARDED_AVAILABILITY = YES_AGGRESSIVE;
				CLANG_WARN_UNREACHABLE_CODE = YES;
				CLANG_WARN__DUPLICATE_METHOD_MATCH = YES;
				CODE_SIGN_IDENTITY = "iPhone Developer";
				COPY_PHASE_STRIP = NO;
				DEBUG_INFORMATION_FORMAT = "dwarf-with-dsym";
				ENABLE_NS_ASSERTIONS = NO;
				ENABLE_STRICT_OBJC_MSGSEND = YES;
				GCC_C_LANGUAGE_STANDARD = gnu11;
				GCC_NO_COMMON_BLOCKS = YES;
				GCC_WARN_64_TO_32_BIT_CONVERSION = YES;
				GCC_WARN_ABOUT_RETURN_TYPE = YES_ERROR;
				GCC_WARN_UNDECLARED_SELECTOR = YES;
				GCC_WARN_UNINITIALIZED_AUTOS = YES_AGGRESSIVE;
				GCC_WARN_UNUSED_FUNCTION = YES;
				GCC_WARN_UNUSED_VARIABLE = YES;
				IPHONEOS_DEPLOYMENT_TARGET = 12.2;
				MTL_ENABLE_DEBUG_INFO = NO;
				MTL_FAST_MATH = YES;
				SDKROOT = iphoneos;
				SWIFT_COMPILATION_MODE = wholemodule;
				SWIFT_OPTIMIZATION_LEVEL = "-O";
				VALIDATE_PRODUCT = YES;
			};
			name = Release;
		};
		CD95AA8522E1A9F200B3908E /* Debug */ = {
			isa = XCBuildConfiguration;
			buildSettings = {
				ASSETCATALOG_COMPILER_COMPLICATION_NAME = Complication;
				CODE_SIGN_STYLE = Automatic;
				DEVELOPMENT_TEAM = WXT8L37R34;
				INFOPLIST_FILE = "pattern WatchKit Extension/Info.plist";
				LD_RUNPATH_SEARCH_PATHS = (
					"$(inherited)",
					"@executable_path/Frameworks",
					"@executable_path/../../Frameworks",
				);
				PRODUCT_BUNDLE_IDENTIFIER = NCL.pattern.watchkitapp.watchkitextension;
				PRODUCT_NAME = "${TARGET_NAME}";
				SDKROOT = watchos;
				SKIP_INSTALL = YES;
				SWIFT_VERSION = 5.0;
				TARGETED_DEVICE_FAMILY = 4;
				WATCHOS_DEPLOYMENT_TARGET = 5.2;
			};
			name = Debug;
		};
		CD95AA8622E1A9F200B3908E /* Release */ = {
			isa = XCBuildConfiguration;
			buildSettings = {
				ASSETCATALOG_COMPILER_COMPLICATION_NAME = Complication;
				CODE_SIGN_STYLE = Automatic;
				DEVELOPMENT_TEAM = WXT8L37R34;
				INFOPLIST_FILE = "pattern WatchKit Extension/Info.plist";
				LD_RUNPATH_SEARCH_PATHS = (
					"$(inherited)",
					"@executable_path/Frameworks",
					"@executable_path/../../Frameworks",
				);
				PRODUCT_BUNDLE_IDENTIFIER = NCL.pattern.watchkitapp.watchkitextension;
				PRODUCT_NAME = "${TARGET_NAME}";
				SDKROOT = watchos;
				SKIP_INSTALL = YES;
				SWIFT_VERSION = 5.0;
				TARGETED_DEVICE_FAMILY = 4;
				WATCHOS_DEPLOYMENT_TARGET = 5.2;
			};
			name = Release;
		};
		CD95AA8922E1A9F200B3908E /* Debug */ = {
			isa = XCBuildConfiguration;
			buildSettings = {
				ALWAYS_EMBED_SWIFT_STANDARD_LIBRARIES = YES;
				ASSETCATALOG_COMPILER_APPICON_NAME = AppIcon;
				CODE_SIGN_STYLE = Automatic;
				DEVELOPMENT_TEAM = WXT8L37R34;
				IBSC_MODULE = pattern_WatchKit_Extension;
				INFOPLIST_FILE = "pattern WatchKit App/Info.plist";
				PRODUCT_BUNDLE_IDENTIFIER = NCL.pattern.watchkitapp;
				PRODUCT_NAME = "$(TARGET_NAME)";
				SDKROOT = watchos;
				SKIP_INSTALL = YES;
				SWIFT_VERSION = 5.0;
				TARGETED_DEVICE_FAMILY = 4;
				WATCHOS_DEPLOYMENT_TARGET = 5.2;
			};
			name = Debug;
		};
		CD95AA8A22E1A9F200B3908E /* Release */ = {
			isa = XCBuildConfiguration;
			buildSettings = {
				ALWAYS_EMBED_SWIFT_STANDARD_LIBRARIES = YES;
				ASSETCATALOG_COMPILER_APPICON_NAME = AppIcon;
				CODE_SIGN_STYLE = Automatic;
				DEVELOPMENT_TEAM = WXT8L37R34;
				IBSC_MODULE = pattern_WatchKit_Extension;
				INFOPLIST_FILE = "pattern WatchKit App/Info.plist";
				PRODUCT_BUNDLE_IDENTIFIER = NCL.pattern.watchkitapp;
				PRODUCT_NAME = "$(TARGET_NAME)";
				SDKROOT = watchos;
				SKIP_INSTALL = YES;
				SWIFT_VERSION = 5.0;
				TARGETED_DEVICE_FAMILY = 4;
				WATCHOS_DEPLOYMENT_TARGET = 5.2;
			};
			name = Release;
		};
		CD95AA8D22E1A9F200B3908E /* Debug */ = {
			isa = XCBuildConfiguration;
			buildSettings = {
				ASSETCATALOG_COMPILER_APPICON_NAME = AppIcon;
				CODE_SIGN_STYLE = Automatic;
				DEVELOPMENT_TEAM = WXT8L37R34;
				INFOPLIST_FILE = pattern/Info.plist;
				LD_RUNPATH_SEARCH_PATHS = (
					"$(inherited)",
					"@executable_path/Frameworks",
				);
				PRODUCT_BUNDLE_IDENTIFIER = NCL.pattern;
				PRODUCT_NAME = "$(TARGET_NAME)";
				SWIFT_VERSION = 5.0;
				TARGETED_DEVICE_FAMILY = "1,2";
			};
			name = Debug;
		};
		CD95AA8E22E1A9F200B3908E /* Release */ = {
			isa = XCBuildConfiguration;
			buildSettings = {
				ASSETCATALOG_COMPILER_APPICON_NAME = AppIcon;
				CODE_SIGN_STYLE = Automatic;
				DEVELOPMENT_TEAM = WXT8L37R34;
				INFOPLIST_FILE = pattern/Info.plist;
				LD_RUNPATH_SEARCH_PATHS = (
					"$(inherited)",
					"@executable_path/Frameworks",
				);
				PRODUCT_BUNDLE_IDENTIFIER = NCL.pattern;
				PRODUCT_NAME = "$(TARGET_NAME)";
				SWIFT_VERSION = 5.0;
				TARGETED_DEVICE_FAMILY = "1,2";
			};
			name = Release;
		};
		CD95AA9022E1A9F200B3908E /* Debug */ = {
			isa = XCBuildConfiguration;
			buildSettings = {
				ALWAYS_EMBED_SWIFT_STANDARD_LIBRARIES = YES;
				BUNDLE_LOADER = "$(TEST_HOST)";
				CODE_SIGN_STYLE = Automatic;
				DEVELOPMENT_TEAM = WXT8L37R34;
				INFOPLIST_FILE = patternTests/Info.plist;
				LD_RUNPATH_SEARCH_PATHS = (
					"$(inherited)",
					"@executable_path/Frameworks",
					"@loader_path/Frameworks",
				);
				PRODUCT_BUNDLE_IDENTIFIER = NCL.patternTests;
				PRODUCT_NAME = "$(TARGET_NAME)";
				SWIFT_VERSION = 5.0;
				TARGETED_DEVICE_FAMILY = "1,2";
				TEST_HOST = "$(BUILT_PRODUCTS_DIR)/pattern.app/pattern";
			};
			name = Debug;
		};
		CD95AA9122E1A9F200B3908E /* Release */ = {
			isa = XCBuildConfiguration;
			buildSettings = {
				ALWAYS_EMBED_SWIFT_STANDARD_LIBRARIES = YES;
				BUNDLE_LOADER = "$(TEST_HOST)";
				CODE_SIGN_STYLE = Automatic;
				DEVELOPMENT_TEAM = WXT8L37R34;
				INFOPLIST_FILE = patternTests/Info.plist;
				LD_RUNPATH_SEARCH_PATHS = (
					"$(inherited)",
					"@executable_path/Frameworks",
					"@loader_path/Frameworks",
				);
				PRODUCT_BUNDLE_IDENTIFIER = NCL.patternTests;
				PRODUCT_NAME = "$(TARGET_NAME)";
				SWIFT_VERSION = 5.0;
				TARGETED_DEVICE_FAMILY = "1,2";
				TEST_HOST = "$(BUILT_PRODUCTS_DIR)/pattern.app/pattern";
			};
			name = Release;
		};
		CD95AA9322E1A9F200B3908E /* Debug */ = {
			isa = XCBuildConfiguration;
			buildSettings = {
				ALWAYS_EMBED_SWIFT_STANDARD_LIBRARIES = YES;
				CODE_SIGN_STYLE = Automatic;
				DEVELOPMENT_TEAM = WXT8L37R34;
				INFOPLIST_FILE = patternUITests/Info.plist;
				LD_RUNPATH_SEARCH_PATHS = (
					"$(inherited)",
					"@executable_path/Frameworks",
					"@loader_path/Frameworks",
				);
				PRODUCT_BUNDLE_IDENTIFIER = NCL.patternUITests;
				PRODUCT_NAME = "$(TARGET_NAME)";
				SWIFT_VERSION = 5.0;
				TARGETED_DEVICE_FAMILY = "1,2";
				TEST_TARGET_NAME = pattern;
			};
			name = Debug;
		};
		CD95AA9422E1A9F200B3908E /* Release */ = {
			isa = XCBuildConfiguration;
			buildSettings = {
				ALWAYS_EMBED_SWIFT_STANDARD_LIBRARIES = YES;
				CODE_SIGN_STYLE = Automatic;
				DEVELOPMENT_TEAM = WXT8L37R34;
				INFOPLIST_FILE = patternUITests/Info.plist;
				LD_RUNPATH_SEARCH_PATHS = (
					"$(inherited)",
					"@executable_path/Frameworks",
					"@loader_path/Frameworks",
				);
				PRODUCT_BUNDLE_IDENTIFIER = NCL.patternUITests;
				PRODUCT_NAME = "$(TARGET_NAME)";
				SWIFT_VERSION = 5.0;
				TARGETED_DEVICE_FAMILY = "1,2";
				TEST_TARGET_NAME = pattern;
			};
			name = Release;
		};
/* End XCBuildConfiguration section */

/* Begin XCConfigurationList section */
		CD95AA3722E1A9F100B3908E /* Build configuration list for PBXProject "pattern" */ = {
			isa = XCConfigurationList;
			buildConfigurations = (
				CD95AA8222E1A9F200B3908E /* Debug */,
				CD95AA8322E1A9F200B3908E /* Release */,
			);
			defaultConfigurationIsVisible = 0;
			defaultConfigurationName = Release;
		};
		CD95AA8422E1A9F200B3908E /* Build configuration list for PBXNativeTarget "pattern WatchKit Extension" */ = {
			isa = XCConfigurationList;
			buildConfigurations = (
				CD95AA8522E1A9F200B3908E /* Debug */,
				CD95AA8622E1A9F200B3908E /* Release */,
			);
			defaultConfigurationIsVisible = 0;
			defaultConfigurationName = Release;
		};
		CD95AA8822E1A9F200B3908E /* Build configuration list for PBXNativeTarget "pattern WatchKit App" */ = {
			isa = XCConfigurationList;
			buildConfigurations = (
				CD95AA8922E1A9F200B3908E /* Debug */,
				CD95AA8A22E1A9F200B3908E /* Release */,
			);
			defaultConfigurationIsVisible = 0;
			defaultConfigurationName = Release;
		};
		CD95AA8C22E1A9F200B3908E /* Build configuration list for PBXNativeTarget "pattern" */ = {
			isa = XCConfigurationList;
			buildConfigurations = (
				CD95AA8D22E1A9F200B3908E /* Debug */,
				CD95AA8E22E1A9F200B3908E /* Release */,
			);
			defaultConfigurationIsVisible = 0;
			defaultConfigurationName = Release;
		};
		CD95AA8F22E1A9F200B3908E /* Build configuration list for PBXNativeTarget "patternTests" */ = {
			isa = XCConfigurationList;
			buildConfigurations = (
				CD95AA9022E1A9F200B3908E /* Debug */,
				CD95AA9122E1A9F200B3908E /* Release */,
			);
			defaultConfigurationIsVisible = 0;
			defaultConfigurationName = Release;
		};
		CD95AA9222E1A9F200B3908E /* Build configuration list for PBXNativeTarget "patternUITests" */ = {
			isa = XCConfigurationList;
			buildConfigurations = (
				CD95AA9322E1A9F200B3908E /* Debug */,
				CD95AA9422E1A9F200B3908E /* Release */,
			);
			defaultConfigurationIsVisible = 0;
			defaultConfigurationName = Release;
		};
/* End XCConfigurationList section */
	};
	rootObject = CD95AA3422E1A9F100B3908E /* Project object */;
}
